
Microsoft Visual Studio Solution File, Format Version 12.00
# Visual Studio Version 17
VisualStudioVersion = 17.7.34024.191
MinimumVisualStudioVersion = 10.0.40219.1
Project("{FAE04EC0-301F-11D3-BF4B-00C04F79EFBC}") = "VTEP Teszt", "VTEP Teszt\VTEP Teszt.csproj", "{8082BC38-95B0-4A00-BD1C-02F441E3D3D4}"
EndProject
Global
	GlobalSection(SolutionConfigurationPlatforms) = preSolution
		Debug|Any CPU = Debug|Any CPU
		Release|Any CPU = Release|Any CPU
	EndGlobalSection
	GlobalSection(ProjectConfigurationPlatforms) = postSolution
		{8082BC38-95B0-4A00-BD1C-02F441E3D3D4}.Debug|Any CPU.ActiveCfg = Debug|Any CPU
		{8082BC38-95B0-4A00-BD1C-02F441E3D3D4}.Debug|Any CPU.Build.0 = Debug|Any CPU
		{8082BC38-95B0-4A00-BD1C-02F441E3D3D4}.Release|Any CPU.ActiveCfg = Release|Any CPU
		{8082BC38-95B0-4A00-BD1C-02F441E3D3D4}.Release|Any CPU.Build.0 = Release|Any CPU
	EndGlobalSection
	GlobalSection(SolutionProperties) = preSolution
		HideSolutionNode = FALSE
	EndGlobalSection
	GlobalSection(ExtensibilityGlobals) = postSolution
		SolutionGuid = {80D9C618-BB42-45A8-9DD8-B4BA7A98E45A}
	EndGlobalSection
EndGlobal
